
Microsoft Visual Studio Solution File, Format Version 12.00
# Visual Studio Version 17
VisualStudioVersion = 17.4.33110.190
MinimumVisualStudioVersion = 10.0.40219.1
Project("{FAE04EC0-301F-11D3-BF4B-00C04F79EFBC}") = "VatAndCountryLib", "VatAndCountryLib\VatAndCountryLib.csproj", "{0E96D71C-CF75-47E1-8D12-397521946F23}"
EndProject
Project("{FAE04EC0-301F-11D3-BF4B-00C04F79EFBC}") = "VatAndCountryWebAPI", "VatAndCountryWebAPI\VatAndCountryWebAPI.csproj", "{50C2A8B2-9E4D-4BF7-AC22-F469EC8D4CC5}"
EndProject
Global
	GlobalSection(SolutionConfigurationPlatforms) = preSolution
		Debug|Any CPU = Debug|Any CPU
		Release|Any CPU = Release|Any CPU
	EndGlobalSection
	GlobalSection(ProjectConfigurationPlatforms) = postSolution
		{0E96D71C-CF75-47E1-8D12-397521946F23}.Debug|Any CPU.ActiveCfg = Debug|Any CPU
		{0E96D71C-CF75-47E1-8D12-397521946F23}.Debug|Any CPU.Build.0 = Debug|Any CPU
		{0E96D71C-CF75-47E1-8D12-397521946F23}.Release|Any CPU.ActiveCfg = Release|Any CPU
		{0E96D71C-CF75-47E1-8D12-397521946F23}.Release|Any CPU.Build.0 = Release|Any CPU
		{50C2A8B2-9E4D-4BF7-AC22-F469EC8D4CC5}.Debug|Any CPU.ActiveCfg = Debug|Any CPU
		{50C2A8B2-9E4D-4BF7-AC22-F469EC8D4CC5}.Debug|Any CPU.Build.0 = Debug|Any CPU
		{50C2A8B2-9E4D-4BF7-AC22-F469EC8D4CC5}.Release|Any CPU.ActiveCfg = Release|Any CPU
		{50C2A8B2-9E4D-4BF7-AC22-F469EC8D4CC5}.Release|Any CPU.Build.0 = Release|Any CPU
	EndGlobalSection
	GlobalSection(SolutionProperties) = preSolution
		HideSolutionNode = FALSE
	EndGlobalSection
	GlobalSection(ExtensibilityGlobals) = postSolution
		SolutionGuid = {0E2D5C22-BDC6-4008-9E9B-FD967E49DE94}
	EndGlobalSection
EndGlobal
